// !$*UTF8*$!
{
	archiveVersion = 1;
	classes = {
	};
	objectVersion = 50;
	objects = {

/* Begin PBXBuildFile section */
		6BDCF3D922BC00B10072B257 /* AppDelegate.swift in Sources */ = {isa = PBXBuildFile; fileRef = 6BDCF3D822BC00B10072B257 /* AppDelegate.swift */; };
		6BDCF3DB22BC00B10072B257 /* ForecastMainVC.swift in Sources */ = {isa = PBXBuildFile; fileRef = 6BDCF3DA22BC00B10072B257 /* ForecastMainVC.swift */; };
		6BDCF3DE22BC00B10072B257 /* Main.storyboard in Resources */ = {isa = PBXBuildFile; fileRef = 6BDCF3DC22BC00B10072B257 /* Main.storyboard */; };
		6BDCF3E022BC00B30072B257 /* Assets.xcassets in Resources */ = {isa = PBXBuildFile; fileRef = 6BDCF3DF22BC00B30072B257 /* Assets.xcassets */; };
		6BDCF3E322BC00B30072B257 /* LaunchScreen.storyboard in Resources */ = {isa = PBXBuildFile; fileRef = 6BDCF3E122BC00B30072B257 /* LaunchScreen.storyboard */; };
		6BDCF3EE22BC00B40072B257 /* JeffWeatherTests.swift in Sources */ = {isa = PBXBuildFile; fileRef = 6BDCF3ED22BC00B40072B257 /* JeffWeatherTests.swift */; };
		6BDCF3F922BC00B40072B257 /* JeffWeatherUITests.swift in Sources */ = {isa = PBXBuildFile; fileRef = 6BDCF3F822BC00B40072B257 /* JeffWeatherUITests.swift */; };
		6BFD4B8122C01864009E5DF7 /* ForecastCell.swift in Sources */ = {isa = PBXBuildFile; fileRef = 6BFD4B8022C01864009E5DF7 /* ForecastCell.swift */; };
		6BFD4B8522C023A0009E5DF7 /* Day+API Wrappers.swift in Sources */ = {isa = PBXBuildFile; fileRef = 6BFD4B8422C023A0009E5DF7 /* Day+API Wrappers.swift */; };
		6BFD4B8722C02463009E5DF7 /* UtilityFunctions.swift in Sources */ = {isa = PBXBuildFile; fileRef = 6BFD4B8622C02463009E5DF7 /* UtilityFunctions.swift */; };
		6BFD4B8922C039A4009E5DF7 /* NetworkManager.swift in Sources */ = {isa = PBXBuildFile; fileRef = 6BFD4B8822C039A4009E5DF7 /* NetworkManager.swift */; };
		6BFD4BC922C15C91009E5DF7 /* DarkSkyManager.swift in Sources */ = {isa = PBXBuildFile; fileRef = 6BFD4BC822C15C91009E5DF7 /* DarkSkyManager.swift */; };
		6BFD4BCE22C27BB2009E5DF7 /* SummaryVC.swift in Sources */ = {isa = PBXBuildFile; fileRef = 6BFD4BCD22C27BB1009E5DF7 /* SummaryVC.swift */; };
/* End PBXBuildFile section */

/* Begin PBXContainerItemProxy section */
		6BDCF3EA22BC00B40072B257 /* PBXContainerItemProxy */ = {
			isa = PBXContainerItemProxy;
			containerPortal = 6BDCF3CD22BC00B10072B257 /* Project object */;
			proxyType = 1;
			remoteGlobalIDString = 6BDCF3D422BC00B10072B257;
			remoteInfo = JeffWeather;
		};
		6BDCF3F522BC00B40072B257 /* PBXContainerItemProxy */ = {
			isa = PBXContainerItemProxy;
			containerPortal = 6BDCF3CD22BC00B10072B257 /* Project object */;
			proxyType = 1;
			remoteGlobalIDString = 6BDCF3D422BC00B10072B257;
			remoteInfo = JeffWeather;
		};
/* End PBXContainerItemProxy section */

/* Begin PBXFileReference section */
		6BDCF3D522BC00B10072B257 /* JeffWeather.app */ = {isa = PBXFileReference; explicitFileType = wrapper.application; includeInIndex = 0; path = JeffWeather.app; sourceTree = BUILT_PRODUCTS_DIR; };
		6BDCF3D822BC00B10072B257 /* AppDelegate.swift */ = {isa = PBXFileReference; lastKnownFileType = sourcecode.swift; path = AppDelegate.swift; sourceTree = "<group>"; };
		6BDCF3DA22BC00B10072B257 /* ForecastMainVC.swift */ = {isa = PBXFileReference; lastKnownFileType = sourcecode.swift; path = ForecastMainVC.swift; sourceTree = "<group>"; };
		6BDCF3DD22BC00B10072B257 /* Base */ = {isa = PBXFileReference; lastKnownFileType = file.storyboard; name = Base; path = Base.lproj/Main.storyboard; sourceTree = "<group>"; };
		6BDCF3DF22BC00B30072B257 /* Assets.xcassets */ = {isa = PBXFileReference; lastKnownFileType = folder.assetcatalog; path = Assets.xcassets; sourceTree = "<group>"; };
		6BDCF3E222BC00B30072B257 /* Base */ = {isa = PBXFileReference; lastKnownFileType = file.storyboard; name = Base; path = Base.lproj/LaunchScreen.storyboard; sourceTree = "<group>"; };
		6BDCF3E422BC00B30072B257 /* Info.plist */ = {isa = PBXFileReference; lastKnownFileType = text.plist.xml; path = Info.plist; sourceTree = "<group>"; };
		6BDCF3E922BC00B40072B257 /* JeffWeatherTests.xctest */ = {isa = PBXFileReference; explicitFileType = wrapper.cfbundle; includeInIndex = 0; path = JeffWeatherTests.xctest; sourceTree = BUILT_PRODUCTS_DIR; };
		6BDCF3ED22BC00B40072B257 /* JeffWeatherTests.swift */ = {isa = PBXFileReference; lastKnownFileType = sourcecode.swift; path = JeffWeatherTests.swift; sourceTree = "<group>"; };
		6BDCF3EF22BC00B40072B257 /* Info.plist */ = {isa = PBXFileReference; lastKnownFileType = text.plist.xml; path = Info.plist; sourceTree = "<group>"; };
		6BDCF3F422BC00B40072B257 /* JeffWeatherUITests.xctest */ = {isa = PBXFileReference; explicitFileType = wrapper.cfbundle; includeInIndex = 0; path = JeffWeatherUITests.xctest; sourceTree = BUILT_PRODUCTS_DIR; };
		6BDCF3F822BC00B40072B257 /* JeffWeatherUITests.swift */ = {isa = PBXFileReference; lastKnownFileType = sourcecode.swift; path = JeffWeatherUITests.swift; sourceTree = "<group>"; };
		6BDCF3FA22BC00B40072B257 /* Info.plist */ = {isa = PBXFileReference; lastKnownFileType = text.plist.xml; path = Info.plist; sourceTree = "<group>"; };
		6BFD4B8022C01864009E5DF7 /* ForecastCell.swift */ = {isa = PBXFileReference; lastKnownFileType = sourcecode.swift; path = ForecastCell.swift; sourceTree = "<group>"; };
		6BFD4B8422C023A0009E5DF7 /* Day+API Wrappers.swift */ = {isa = PBXFileReference; lastKnownFileType = sourcecode.swift; path = "Day+API Wrappers.swift"; sourceTree = "<group>"; };
		6BFD4B8622C02463009E5DF7 /* UtilityFunctions.swift */ = {isa = PBXFileReference; lastKnownFileType = sourcecode.swift; path = UtilityFunctions.swift; sourceTree = "<group>"; };
		6BFD4B8822C039A4009E5DF7 /* NetworkManager.swift */ = {isa = PBXFileReference; lastKnownFileType = sourcecode.swift; path = NetworkManager.swift; sourceTree = "<group>"; };
		6BFD4BC822C15C91009E5DF7 /* DarkSkyManager.swift */ = {isa = PBXFileReference; lastKnownFileType = sourcecode.swift; path = DarkSkyManager.swift; sourceTree = "<group>"; };
		6BFD4BCD22C27BB1009E5DF7 /* SummaryVC.swift */ = {isa = PBXFileReference; lastKnownFileType = sourcecode.swift; path = SummaryVC.swift; sourceTree = "<group>"; };
/* End PBXFileReference section */

/* Begin PBXFrameworksBuildPhase section */
		6BDCF3D222BC00B10072B257 /* Frameworks */ = {
			isa = PBXFrameworksBuildPhase;
			buildActionMask = 2147483647;
			files = (
			);
			runOnlyForDeploymentPostprocessing = 0;
		};
		6BDCF3E622BC00B40072B257 /* Frameworks */ = {
			isa = PBXFrameworksBuildPhase;
			buildActionMask = 2147483647;
			files = (
			);
			runOnlyForDeploymentPostprocessing = 0;
		};
		6BDCF3F122BC00B40072B257 /* Frameworks */ = {
			isa = PBXFrameworksBuildPhase;
			buildActionMask = 2147483647;
			files = (
			);
			runOnlyForDeploymentPostprocessing = 0;
		};
/* End PBXFrameworksBuildPhase section */

/* Begin PBXGroup section */
		6BDCF3CC22BC00B10072B257 = {
			isa = PBXGroup;
			children = (
				6BDCF3D722BC00B10072B257 /* JeffWeather */,
				6BDCF3EC22BC00B40072B257 /* JeffWeatherTests */,
				6BDCF3F722BC00B40072B257 /* JeffWeatherUITests */,
				6BDCF3D622BC00B10072B257 /* Products */,
			);
			sourceTree = "<group>";
		};
		6BDCF3D622BC00B10072B257 /* Products */ = {
			isa = PBXGroup;
			children = (
				6BDCF3D522BC00B10072B257 /* JeffWeather.app */,
				6BDCF3E922BC00B40072B257 /* JeffWeatherTests.xctest */,
				6BDCF3F422BC00B40072B257 /* JeffWeatherUITests.xctest */,
			);
			name = Products;
			sourceTree = "<group>";
		};
		6BDCF3D722BC00B10072B257 /* JeffWeather */ = {
			isa = PBXGroup;
			children = (
				6BDCF3D822BC00B10072B257 /* AppDelegate.swift */,
				6BFD4BCA22C17659009E5DF7 /* View Controllers+CustomViews */,
				6BFD4BCB22C17676009E5DF7 /* Managers */,
				6BFD4BC722C0C580009E5DF7 /* Models */,
				6BFD4B8622C02463009E5DF7 /* UtilityFunctions.swift */,
				6BFD4BCC22C1768C009E5DF7 /* Assets & Storyboards */,
				6BDCF3E422BC00B30072B257 /* Info.plist */,
			);
			path = JeffWeather;
			sourceTree = "<group>";
		};
		6BDCF3EC22BC00B40072B257 /* JeffWeatherTests */ = {
			isa = PBXGroup;
			children = (
				6BDCF3ED22BC00B40072B257 /* JeffWeatherTests.swift */,
				6BDCF3EF22BC00B40072B257 /* Info.plist */,
			);
			path = JeffWeatherTests;
			sourceTree = "<group>";
		};
		6BDCF3F722BC00B40072B257 /* JeffWeatherUITests */ = {
			isa = PBXGroup;
			children = (
				6BDCF3F822BC00B40072B257 /* JeffWeatherUITests.swift */,
				6BDCF3FA22BC00B40072B257 /* Info.plist */,
			);
			path = JeffWeatherUITests;
			sourceTree = "<group>";
		};
		6BFD4BC722C0C580009E5DF7 /* Models */ = {
			isa = PBXGroup;
			children = (
				6BFD4B8422C023A0009E5DF7 /* Day+API Wrappers.swift */,
			);
			path = Models;
			sourceTree = "<group>";
		};
		6BFD4BCA22C17659009E5DF7 /* View Controllers+CustomViews */ = {
			isa = PBXGroup;
			children = (
				6BDCF3DA22BC00B10072B257 /* ForecastMainVC.swift */,
				6BFD4BCD22C27BB1009E5DF7 /* SummaryVC.swift */,
				6BFD4B8022C01864009E5DF7 /* ForecastCell.swift */,
			);
			path = "View Controllers+CustomViews";
			sourceTree = "<group>";
		};
		6BFD4BCB22C17676009E5DF7 /* Managers */ = {
			isa = PBXGroup;
			children = (
				6BFD4BC822C15C91009E5DF7 /* DarkSkyManager.swift */,
				6BFD4B8822C039A4009E5DF7 /* NetworkManager.swift */,
			);
			path = Managers;
			sourceTree = "<group>";
		};
		6BFD4BCC22C1768C009E5DF7 /* Assets & Storyboards */ = {
			isa = PBXGroup;
			children = (
				6BDCF3DF22BC00B30072B257 /* Assets.xcassets */,
				6BDCF3DC22BC00B10072B257 /* Main.storyboard */,
				6BDCF3E122BC00B30072B257 /* LaunchScreen.storyboard */,
			);
			path = "Assets & Storyboards";
			sourceTree = "<group>";
		};
/* End PBXGroup section */

/* Begin PBXNativeTarget section */
		6BDCF3D422BC00B10072B257 /* JeffWeather */ = {
			isa = PBXNativeTarget;
			buildConfigurationList = 6BDCF3FD22BC00B40072B257 /* Build configuration list for PBXNativeTarget "JeffWeather" */;
			buildPhases = (
				6BDCF3D122BC00B10072B257 /* Sources */,
				6BDCF3D222BC00B10072B257 /* Frameworks */,
				6BDCF3D322BC00B10072B257 /* Resources */,
			);
			buildRules = (
			);
			dependencies = (
			);
			name = JeffWeather;
			productName = JeffWeather;
			productReference = 6BDCF3D522BC00B10072B257 /* JeffWeather.app */;
			productType = "com.apple.product-type.application";
		};
		6BDCF3E822BC00B40072B257 /* JeffWeatherTests */ = {
			isa = PBXNativeTarget;
			buildConfigurationList = 6BDCF40022BC00B40072B257 /* Build configuration list for PBXNativeTarget "JeffWeatherTests" */;
			buildPhases = (
				6BDCF3E522BC00B40072B257 /* Sources */,
				6BDCF3E622BC00B40072B257 /* Frameworks */,
				6BDCF3E722BC00B40072B257 /* Resources */,
			);
			buildRules = (
			);
			dependencies = (
				6BDCF3EB22BC00B40072B257 /* PBXTargetDependency */,
			);
			name = JeffWeatherTests;
			productName = JeffWeatherTests;
			productReference = 6BDCF3E922BC00B40072B257 /* JeffWeatherTests.xctest */;
			productType = "com.apple.product-type.bundle.unit-test";
		};
		6BDCF3F322BC00B40072B257 /* JeffWeatherUITests */ = {
			isa = PBXNativeTarget;
			buildConfigurationList = 6BDCF40322BC00B40072B257 /* Build configuration list for PBXNativeTarget "JeffWeatherUITests" */;
			buildPhases = (
				6BDCF3F022BC00B40072B257 /* Sources */,
				6BDCF3F122BC00B40072B257 /* Frameworks */,
				6BDCF3F222BC00B40072B257 /* Resources */,
			);
			buildRules = (
			);
			dependencies = (
				6BDCF3F622BC00B40072B257 /* PBXTargetDependency */,
			);
			name = JeffWeatherUITests;
			productName = JeffWeatherUITests;
			productReference = 6BDCF3F422BC00B40072B257 /* JeffWeatherUITests.xctest */;
			productType = "com.apple.product-type.bundle.ui-testing";
		};
/* End PBXNativeTarget section */

/* Begin PBXProject section */
		6BDCF3CD22BC00B10072B257 /* Project object */ = {
			isa = PBXProject;
			attributes = {
				LastSwiftUpdateCheck = 1020;
				LastUpgradeCheck = 1020;
				ORGANIZATIONNAME = "Jeff Glasse";
				TargetAttributes = {
					6BDCF3D422BC00B10072B257 = {
						CreatedOnToolsVersion = 10.2.1;
					};
					6BDCF3E822BC00B40072B257 = {
						CreatedOnToolsVersion = 10.2.1;
						TestTargetID = 6BDCF3D422BC00B10072B257;
					};
					6BDCF3F322BC00B40072B257 = {
						CreatedOnToolsVersion = 10.2.1;
						TestTargetID = 6BDCF3D422BC00B10072B257;
					};
				};
			};
			buildConfigurationList = 6BDCF3D022BC00B10072B257 /* Build configuration list for PBXProject "JeffWeather" */;
			compatibilityVersion = "Xcode 9.3";
			developmentRegion = en;
			hasScannedForEncodings = 0;
			knownRegions = (
				en,
				Base,
			);
			mainGroup = 6BDCF3CC22BC00B10072B257;
			productRefGroup = 6BDCF3D622BC00B10072B257 /* Products */;
			projectDirPath = "";
			projectRoot = "";
			targets = (
				6BDCF3D422BC00B10072B257 /* JeffWeather */,
				6BDCF3E822BC00B40072B257 /* JeffWeatherTests */,
				6BDCF3F322BC00B40072B257 /* JeffWeatherUITests */,
			);
		};
/* End PBXProject section */

/* Begin PBXResourcesBuildPhase section */
		6BDCF3D322BC00B10072B257 /* Resources */ = {
			isa = PBXResourcesBuildPhase;
			buildActionMask = 2147483647;
			files = (
				6BDCF3E322BC00B30072B257 /* LaunchScreen.storyboard in Resources */,
				6BDCF3E022BC00B30072B257 /* Assets.xcassets in Resources */,
				6BDCF3DE22BC00B10072B257 /* Main.storyboard in Resources */,
			);
			runOnlyForDeploymentPostprocessing = 0;
		};
		6BDCF3E722BC00B40072B257 /* Resources */ = {
			isa = PBXResourcesBuildPhase;
			buildActionMask = 2147483647;
			files = (
			);
			runOnlyForDeploymentPostprocessing = 0;
		};
		6BDCF3F222BC00B40072B257 /* Resources */ = {
			isa = PBXResourcesBuildPhase;
			buildActionMask = 2147483647;
			files = (
			);
			runOnlyForDeploymentPostprocessing = 0;
		};
/* End PBXResourcesBuildPhase section */

/* Begin PBXSourcesBuildPhase section */
		6BDCF3D122BC00B10072B257 /* Sources */ = {
			isa = PBXSourcesBuildPhase;
			buildActionMask = 2147483647;
			files = (
				6BFD4B8722C02463009E5DF7 /* UtilityFunctions.swift in Sources */,
				6BFD4BCE22C27BB2009E5DF7 /* SummaryVC.swift in Sources */,
				6BDCF3DB22BC00B10072B257 /* ForecastMainVC.swift in Sources */,
				6BFD4B8522C023A0009E5DF7 /* Day+API Wrappers.swift in Sources */,
				6BFD4B8922C039A4009E5DF7 /* NetworkManager.swift in Sources */,
				6BFD4B8122C01864009E5DF7 /* ForecastCell.swift in Sources */,
				6BFD4BC922C15C91009E5DF7 /* DarkSkyManager.swift in Sources */,
				6BDCF3D922BC00B10072B257 /* AppDelegate.swift in Sources */,
			);
			runOnlyForDeploymentPostprocessing = 0;
		};
		6BDCF3E522BC00B40072B257 /* Sources */ = {
			isa = PBXSourcesBuildPhase;
			buildActionMask = 2147483647;
			files = (
				6BDCF3EE22BC00B40072B257 /* JeffWeatherTests.swift in Sources */,
			);
			runOnlyForDeploymentPostprocessing = 0;
		};
		6BDCF3F022BC00B40072B257 /* Sources */ = {
			isa = PBXSourcesBuildPhase;
			buildActionMask = 2147483647;
			files = (
				6BDCF3F922BC00B40072B257 /* JeffWeatherUITests.swift in Sources */,
			);
			runOnlyForDeploymentPostprocessing = 0;
		};
/* End PBXSourcesBuildPhase section */

/* Begin PBXTargetDependency section */
		6BDCF3EB22BC00B40072B257 /* PBXTargetDependency */ = {
			isa = PBXTargetDependency;
			target = 6BDCF3D422BC00B10072B257 /* JeffWeather */;
			targetProxy = 6BDCF3EA22BC00B40072B257 /* PBXContainerItemProxy */;
		};
		6BDCF3F622BC00B40072B257 /* PBXTargetDependency */ = {
			isa = PBXTargetDependency;
			target = 6BDCF3D422BC00B10072B257 /* JeffWeather */;
			targetProxy = 6BDCF3F522BC00B40072B257 /* PBXContainerItemProxy */;
		};
/* End PBXTargetDependency section */

/* Begin PBXVariantGroup section */
		6BDCF3DC22BC00B10072B257 /* Main.storyboard */ = {
			isa = PBXVariantGroup;
			children = (
				6BDCF3DD22BC00B10072B257 /* Base */,
			);
			name = Main.storyboard;
			sourceTree = "<group>";
		};
		6BDCF3E122BC00B30072B257 /* LaunchScreen.storyboard */ = {
			isa = PBXVariantGroup;
			children = (
				6BDCF3E222BC00B30072B257 /* Base */,
			);
			name = LaunchScreen.storyboard;
			sourceTree = "<group>";
		};
/* End PBXVariantGroup section */

/* Begin XCBuildConfiguration section */
		6BDCF3FB22BC00B40072B257 /* Debug */ = {
			isa = XCBuildConfiguration;
			buildSettings = {
				ALWAYS_SEARCH_USER_PATHS = NO;
				CLANG_ANALYZER_NONNULL = YES;
				CLANG_ANALYZER_NUMBER_OBJECT_CONVERSION = YES_AGGRESSIVE;
				CLANG_CXX_LANGUAGE_STANDARD = "gnu++14";
				CLANG_CXX_LIBRARY = "libc++";
				CLANG_ENABLE_MODULES = YES;
				CLANG_ENABLE_OBJC_ARC = YES;
				CLANG_ENABLE_OBJC_WEAK = YES;
				CLANG_WARN_BLOCK_CAPTURE_AUTORELEASING = YES;
				CLANG_WARN_BOOL_CONVERSION = YES;
				CLANG_WARN_COMMA = YES;
				CLANG_WARN_CONSTANT_CONVERSION = YES;
				CLANG_WARN_DEPRECATED_OBJC_IMPLEMENTATIONS = YES;
				CLANG_WARN_DIRECT_OBJC_ISA_USAGE = YES_ERROR;
				CLANG_WARN_DOCUMENTATION_COMMENTS = YES;
				CLANG_WARN_EMPTY_BODY = YES;
				CLANG_WARN_ENUM_CONVERSION = YES;
				CLANG_WARN_INFINITE_RECURSION = YES;
				CLANG_WARN_INT_CONVERSION = YES;
				CLANG_WARN_NON_LITERAL_NULL_CONVERSION = YES;
				CLANG_WARN_OBJC_IMPLICIT_RETAIN_SELF = YES;
				CLANG_WARN_OBJC_LITERAL_CONVERSION = YES;
				CLANG_WARN_OBJC_ROOT_CLASS = YES_ERROR;
				CLANG_WARN_RANGE_LOOP_ANALYSIS = YES;
				CLANG_WARN_STRICT_PROTOTYPES = YES;
				CLANG_WARN_SUSPICIOUS_MOVE = YES;
				CLANG_WARN_UNGUARDED_AVAILABILITY = YES_AGGRESSIVE;
				CLANG_WARN_UNREACHABLE_CODE = YES;
				CLANG_WARN__DUPLICATE_METHOD_MATCH = YES;
				CODE_SIGN_IDENTITY = "iPhone Developer";
				COPY_PHASE_STRIP = NO;
				DEBUG_INFORMATION_FORMAT = dwarf;
				ENABLE_STRICT_OBJC_MSGSEND = YES;
				ENABLE_TESTABILITY = YES;
				GCC_C_LANGUAGE_STANDARD = gnu11;
				GCC_DYNAMIC_NO_PIC = NO;
				GCC_NO_COMMON_BLOCKS = YES;
				GCC_OPTIMIZATION_LEVEL = 0;
				GCC_PREPROCESSOR_DEFINITIONS = (
					"DEBUG=1",
					"$(inherited)",
				);
				GCC_WARN_64_TO_32_BIT_CONVERSION = YES;
				GCC_WARN_ABOUT_RETURN_TYPE = YES_ERROR;
				GCC_WARN_UNDECLARED_SELECTOR = YES;
				GCC_WARN_UNINITIALIZED_AUTOS = YES_AGGRESSIVE;
				GCC_WARN_UNUSED_FUNCTION = YES;
				GCC_WARN_UNUSED_VARIABLE = YES;
				IPHONEOS_DEPLOYMENT_TARGET = 12.2;
				MTL_ENABLE_DEBUG_INFO = INCLUDE_SOURCE;
				MTL_FAST_MATH = YES;
				ONLY_ACTIVE_ARCH = YES;
				SDKROOT = iphoneos;
				SWIFT_ACTIVE_COMPILATION_CONDITIONS = DEBUG;
				SWIFT_OPTIMIZATION_LEVEL = "-Onone";
			};
			name = Debug;
		};
		6BDCF3FC22BC00B40072B257 /* Release */ = {
			isa = XCBuildConfiguration;
			buildSettings = {
				ALWAYS_SEARCH_USER_PATHS = NO;
				CLANG_ANALYZER_NONNULL = YES;
				CLANG_ANALYZER_NUMBER_OBJECT_CONVERSION = YES_AGGRESSIVE;
				CLANG_CXX_LANGUAGE_STANDARD = "gnu++14";
				CLANG_CXX_LIBRARY = "libc++";
				CLANG_ENABLE_MODULES = YES;
				CLANG_ENABLE_OBJC_ARC = YES;
				CLANG_ENABLE_OBJC_WEAK = YES;
				CLANG_WARN_BLOCK_CAPTURE_AUTORELEASING = YES;
				CLANG_WARN_BOOL_CONVERSION = YES;
				CLANG_WARN_COMMA = YES;
				CLANG_WARN_CONSTANT_CONVERSION = YES;
				CLANG_WARN_DEPRECATED_OBJC_IMPLEMENTATIONS = YES;
				CLANG_WARN_DIRECT_OBJC_ISA_USAGE = YES_ERROR;
				CLANG_WARN_DOCUMENTATION_COMMENTS = YES;
				CLANG_WARN_EMPTY_BODY = YES;
				CLANG_WARN_ENUM_CONVERSION = YES;
				CLANG_WARN_INFINITE_RECURSION = YES;
				CLANG_WARN_INT_CONVERSION = YES;
				CLANG_WARN_NON_LITERAL_NULL_CONVERSION = YES;
				CLANG_WARN_OBJC_IMPLICIT_RETAIN_SELF = YES;
				CLANG_WARN_OBJC_LITERAL_CONVERSION = YES;
				CLANG_WARN_OBJC_ROOT_CLASS = YES_ERROR;
				CLANG_WARN_RANGE_LOOP_ANALYSIS = YES;
				CLANG_WARN_STRICT_PROTOTYPES = YES;
				CLANG_WARN_SUSPICIOUS_MOVE = YES;
				CLANG_WARN_UNGUARDED_AVAILABILITY = YES_AGGRESSIVE;
				CLANG_WARN_UNREACHABLE_CODE = YES;
				CLANG_WARN__DUPLICATE_METHOD_MATCH = YES;
				CODE_SIGN_IDENTITY = "iPhone Developer";
				COPY_PHASE_STRIP = NO;
				DEBUG_INFORMATION_FORMAT = "dwarf-with-dsym";
				ENABLE_NS_ASSERTIONS = NO;
				ENABLE_STRICT_OBJC_MSGSEND = YES;
				GCC_C_LANGUAGE_STANDARD = gnu11;
				GCC_NO_COMMON_BLOCKS = YES;
				GCC_WARN_64_TO_32_BIT_CONVERSION = YES;
				GCC_WARN_ABOUT_RETURN_TYPE = YES_ERROR;
				GCC_WARN_UNDECLARED_SELECTOR = YES;
				GCC_WARN_UNINITIALIZED_AUTOS = YES_AGGRESSIVE;
				GCC_WARN_UNUSED_FUNCTION = YES;
				GCC_WARN_UNUSED_VARIABLE = YES;
				IPHONEOS_DEPLOYMENT_TARGET = 12.2;
				MTL_ENABLE_DEBUG_INFO = NO;
				MTL_FAST_MATH = YES;
				SDKROOT = iphoneos;
				SWIFT_COMPILATION_MODE = wholemodule;
				SWIFT_OPTIMIZATION_LEVEL = "-O";
				VALIDATE_PRODUCT = YES;
			};
			name = Release;
		};
		6BDCF3FE22BC00B40072B257 /* Debug */ = {
			isa = XCBuildConfiguration;
			buildSettings = {
				ASSETCATALOG_COMPILER_APPICON_NAME = AppIcon;
				CODE_SIGN_STYLE = Automatic;
				DEVELOPMENT_TEAM = WPGAGSXUST;
				INFOPLIST_FILE = JeffWeather/Info.plist;
				LD_RUNPATH_SEARCH_PATHS = (
					"$(inherited)",
					"@executable_path/Frameworks",
				);
				PRODUCT_BUNDLE_IDENTIFIER = com.glasseHouse.JeffWeather;
				PRODUCT_NAME = "$(TARGET_NAME)";
				SWIFT_VERSION = 5.0;
				TARGETED_DEVICE_FAMILY = "1,2";
			};
			name = Debug;
		};
		6BDCF3FF22BC00B40072B257 /* Release */ = {
			isa = XCBuildConfiguration;
			buildSettings = {
				ASSETCATALOG_COMPILER_APPICON_NAME = AppIcon;
				CODE_SIGN_STYLE = Automatic;
				DEVELOPMENT_TEAM = WPGAGSXUST;
				INFOPLIST_FILE = JeffWeather/Info.plist;
				LD_RUNPATH_SEARCH_PATHS = (
					"$(inherited)",
					"@executable_path/Frameworks",
				);
				PRODUCT_BUNDLE_IDENTIFIER = com.glasseHouse.JeffWeather;
				PRODUCT_NAME = "$(TARGET_NAME)";
				SWIFT_VERSION = 5.0;
				TARGETED_DEVICE_FAMILY = "1,2";
			};
			name = Release;
		};
		6BDCF40122BC00B40072B257 /* Debug */ = {
			isa = XCBuildConfiguration;
			buildSettings = {
				ALWAYS_EMBED_SWIFT_STANDARD_LIBRARIES = YES;
				BUNDLE_LOADER = "$(TEST_HOST)";
				CODE_SIGN_STYLE = Automatic;
				DEVELOPMENT_TEAM = WPGAGSXUST;
				INFOPLIST_FILE = JeffWeatherTests/Info.plist;
				LD_RUNPATH_SEARCH_PATHS = (
					"$(inherited)",
					"@executable_path/Frameworks",
					"@loader_path/Frameworks",
				);
				PRODUCT_BUNDLE_IDENTIFIER = glasseHouse.JeffWeatherTests;
				PRODUCT_NAME = "$(TARGET_NAME)";
				SWIFT_VERSION = 5.0;
				TARGETED_DEVICE_FAMILY = "1,2";
				TEST_HOST = "$(BUILT_PRODUCTS_DIR)/JeffWeather.app/JeffWeather";
			};
			name = Debug;
		};
		6BDCF40222BC00B40072B257 /* Release */ = {
			isa = XCBuildConfiguration;
			buildSettings = {
				ALWAYS_EMBED_SWIFT_STANDARD_LIBRARIES = YES;
				BUNDLE_LOADER = "$(TEST_HOST)";
				CODE_SIGN_STYLE = Automatic;
				DEVELOPMENT_TEAM = WPGAGSXUST;
				INFOPLIST_FILE = JeffWeatherTests/Info.plist;
				LD_RUNPATH_SEARCH_PATHS = (
					"$(inherited)",
					"@executable_path/Frameworks",
					"@loader_path/Frameworks",
				);
				PRODUCT_BUNDLE_IDENTIFIER = glasseHouse.JeffWeatherTests;
				PRODUCT_NAME = "$(TARGET_NAME)";
				SWIFT_VERSION = 5.0;
				TARGETED_DEVICE_FAMILY = "1,2";
				TEST_HOST = "$(BUILT_PRODUCTS_DIR)/JeffWeather.app/JeffWeather";
			};
			name = Release;
		};
		6BDCF40422BC00B40072B257 /* Debug */ = {
			isa = XCBuildConfiguration;
			buildSettings = {
				ALWAYS_EMBED_SWIFT_STANDARD_LIBRARIES = YES;
				CODE_SIGN_STYLE = Automatic;
				DEVELOPMENT_TEAM = WPGAGSXUST;
				INFOPLIST_FILE = JeffWeatherUITests/Info.plist;
				LD_RUNPATH_SEARCH_PATHS = (
					"$(inherited)",
					"@executable_path/Frameworks",
					"@loader_path/Frameworks",
				);
				PRODUCT_BUNDLE_IDENTIFIER = glasseHouse.JeffWeatherUITests;
				PRODUCT_NAME = "$(TARGET_NAME)";
				SWIFT_VERSION = 5.0;
				TARGETED_DEVICE_FAMILY = "1,2";
				TEST_TARGET_NAME = JeffWeather;
			};
			name = Debug;
		};
		6BDCF40522BC00B40072B257 /* Release */ = {
			isa = XCBuildConfiguration;
			buildSettings = {
				ALWAYS_EMBED_SWIFT_STANDARD_LIBRARIES = YES;
				CODE_SIGN_STYLE = Automatic;
				DEVELOPMENT_TEAM = WPGAGSXUST;
				INFOPLIST_FILE = JeffWeatherUITests/Info.plist;
				LD_RUNPATH_SEARCH_PATHS = (
					"$(inherited)",
					"@executable_path/Frameworks",
					"@loader_path/Frameworks",
				);
				PRODUCT_BUNDLE_IDENTIFIER = glasseHouse.JeffWeatherUITests;
				PRODUCT_NAME = "$(TARGET_NAME)";
				SWIFT_VERSION = 5.0;
				TARGETED_DEVICE_FAMILY = "1,2";
				TEST_TARGET_NAME = JeffWeather;
			};
			name = Release;
		};
/* End XCBuildConfiguration section */

/* Begin XCConfigurationList section */
		6BDCF3D022BC00B10072B257 /* Build configuration list for PBXProject "JeffWeather" */ = {
			isa = XCConfigurationList;
			buildConfigurations = (
				6BDCF3FB22BC00B40072B257 /* Debug */,
				6BDCF3FC22BC00B40072B257 /* Release */,
			);
			defaultConfigurationIsVisible = 0;
			defaultConfigurationName = Release;
		};
		6BDCF3FD22BC00B40072B257 /* Build configuration list for PBXNativeTarget "JeffWeather" */ = {
			isa = XCConfigurationList;
			buildConfigurations = (
				6BDCF3FE22BC00B40072B257 /* Debug */,
				6BDCF3FF22BC00B40072B257 /* Release */,
			);
			defaultConfigurationIsVisible = 0;
			defaultConfigurationName = Release;
		};
		6BDCF40022BC00B40072B257 /* Build configuration list for PBXNativeTarget "JeffWeatherTests" */ = {
			isa = XCConfigurationList;
			buildConfigurations = (
				6BDCF40122BC00B40072B257 /* Debug */,
				6BDCF40222BC00B40072B257 /* Release */,
			);
			defaultConfigurationIsVisible = 0;
			defaultConfigurationName = Release;
		};
		6BDCF40322BC00B40072B257 /* Build configuration list for PBXNativeTarget "JeffWeatherUITests" */ = {
			isa = XCConfigurationList;
			buildConfigurations = (
				6BDCF40422BC00B40072B257 /* Debug */,
				6BDCF40522BC00B40072B257 /* Release */,
			);
			defaultConfigurationIsVisible = 0;
			defaultConfigurationName = Release;
		};
/* End XCConfigurationList section */
	};
	rootObject = 6BDCF3CD22BC00B10072B257 /* Project object */;
}
